<?xml version="1.0" encoding="utf-8"?>
<Project ToolsVersion="4.0" xmlns="http://schemas.microsoft.com/developer/msbuild/2003">
  <ItemGroup>
    <Filter Include="Source Files">
      <UniqueIdentifier>{4FC737F1-C7A5-4376-A066-2A32D752A2FF}</UniqueIdentifier>
      <Extensions>cpp;c;cc;cxx;c++;cppm;ixx;def;odl;idl;hpj;bat;asm;asmx</Extensions>
    </Filter>
    <Filter Include="Source Files\Utils">
      <UniqueIdentifier>{a0a34638-025c-4ea9-9b66-a487b08470a6}</UniqueIdentifier>
    </Filter>
    <Filter Include="Source Files\Network">
      <UniqueIdentifier>{5dbce550-b806-4148-86d9-f4bbb86ef5e6}</UniqueIdentifier>
    </Filter>
  </ItemGroup>
  <ItemGroup>
    <ClInclude Include="Pong.h">
      <Filter>Source Files</Filter>
    </ClInclude>
    <ClInclude Include="PongPCH.h">
      <Filter>Source Files</Filter>
    </ClInclude>
    <ClInclude Include="Log.h">
      <Filter>Source Files\Utils</Filter>
    </ClInclude>
    <ClInclude Include="PongMath.h">
      <Filter>Source Files\Utils</Filter>
    </ClInclude>
    <ClInclude Include="SocketAddress.h">
      <Filter>Source Files\Network</Filter>
    </ClInclude>
    <ClInclude Include="TCPSocket.h">
      <Filter>Source Files\Network</Filter>
    </ClInclude>
    <ClInclude Include="SocketUtil.h">
      <Filter>Source Files\Network</Filter>
    </ClInclude>
  </ItemGroup>
  <ItemGroup>
    <ClCompile Include="PongPCH.cpp">
      <Filter>Source Files</Filter>
    </ClCompile>
    <ClCompile Include="PongMath.cpp">
      <Filter>Source Files\Utils</Filter>
    </ClCompile>
    <ClCompile Include="SocketAddress.cpp">
      <Filter>Source Files\Network</Filter>
    </ClCompile>
    <ClCompile Include="TCPSocket.cpp">
      <Filter>Source Files\Network</Filter>
    </ClCompile>
    <ClCompile Include="SocketUtil.cpp">
      <Filter>Source Files\Network</Filter>
    </ClCompile>
  </ItemGroup>
</Project>